
Microsoft Visual Studio Solution File, Format Version 12.00
# Visual Studio 15
VisualStudioVersion = 15.0.26906.1
MinimumVisualStudioVersion = 10.0.40219.1
Project("{2150E333-8FDC-42A3-9474-1A3956D46DE8}") = "Vision", "Vision", "{F697B4C2-4712-4596-814B-245E2500AE51}"
EndProject
Project("{FAE04EC0-301F-11D3-BF4B-00C04F79EFBC}") = "Motion detection", "Vision\Motion detection\Motion detection.csproj", "{9800A224-0BF0-4D5D-A03C-AA7A4842D3B8}"
EndProject
Project("{FAE04EC0-301F-11D3-BF4B-00C04F79EFBC}") = "CalibrarCamara", "Vision\CalibrarCamara\CalibrarCamara.csproj", "{B31C0650-991B-4B28-9864-AE80C1785A3F}"
EndProject
Project("{FAE04EC0-301F-11D3-BF4B-00C04F79EFBC}") = "trackk", "Vision\trackk\trackk.csproj", "{589FD176-8FFF-4E0B-8F94-1377F23AB5C0}"
EndProject
Project("{FAE04EC0-301F-11D3-BF4B-00C04F79EFBC}") = "ObjectDetecting", "Vision\ObjectDetecting\ObjectDetecting.csproj", "{293611BC-8032-448D-A76A-DB063EC496C0}"
EndProject
Project("{FAE04EC0-301F-11D3-BF4B-00C04F79EFBC}") = "RouletteNumberDetection", "RouletteNumberDetection\RouletteNumberDetection.csproj", "{C0616E3B-32C2-45F9-B572-DE07BE5FA80C}"
EndProject
Project("{FAE04EC0-301F-11D3-BF4B-00C04F79EFBC}") = "WebEye.StreamControl.WinForms.Demo", "WebEye.StreamControl.WinForms.Demo\WebEye.StreamControl.WinForms.Demo.csproj", "{67DBC2BA-CD1B-44E2-94CD-B086B556BB45}"
EndProject
Global
	GlobalSection(SolutionConfigurationPlatforms) = preSolution
		Debug|Any CPU = Debug|Any CPU
		Debug|x64 = Debug|x64
		Debug|x86 = Debug|x86
		Mono|Any CPU = Mono|Any CPU
		Mono|x64 = Mono|x64
		Mono|x86 = Mono|x86
		Release|Any CPU = Release|Any CPU
		Release|x64 = Release|x64
		Release|x86 = Release|x86
	EndGlobalSection
	GlobalSection(ProjectConfigurationPlatforms) = postSolution
		{9800A224-0BF0-4D5D-A03C-AA7A4842D3B8}.Debug|Any CPU.ActiveCfg = Debug|x86
		{9800A224-0BF0-4D5D-A03C-AA7A4842D3B8}.Debug|x64.ActiveCfg = Debug|x86
		{9800A224-0BF0-4D5D-A03C-AA7A4842D3B8}.Debug|x86.ActiveCfg = Debug|x86
		{9800A224-0BF0-4D5D-A03C-AA7A4842D3B8}.Debug|x86.Build.0 = Debug|x86
		{9800A224-0BF0-4D5D-A03C-AA7A4842D3B8}.Mono|Any CPU.ActiveCfg = Release|x86
		{9800A224-0BF0-4D5D-A03C-AA7A4842D3B8}.Mono|Any CPU.Build.0 = Release|x86
		{9800A224-0BF0-4D5D-A03C-AA7A4842D3B8}.Mono|x64.ActiveCfg = Release|x86
		{9800A224-0BF0-4D5D-A03C-AA7A4842D3B8}.Mono|x86.ActiveCfg = Release|x86
		{9800A224-0BF0-4D5D-A03C-AA7A4842D3B8}.Mono|x86.Build.0 = Release|x86
		{9800A224-0BF0-4D5D-A03C-AA7A4842D3B8}.Release|Any CPU.ActiveCfg = Release|x86
		{9800A224-0BF0-4D5D-A03C-AA7A4842D3B8}.Release|x64.ActiveCfg = Release|x86
		{9800A224-0BF0-4D5D-A03C-AA7A4842D3B8}.Release|x86.ActiveCfg = Release|x86
		{9800A224-0BF0-4D5D-A03C-AA7A4842D3B8}.Release|x86.Build.0 = Release|x86
		{B31C0650-991B-4B28-9864-AE80C1785A3F}.Debug|Any CPU.ActiveCfg = Debug|x86
		{B31C0650-991B-4B28-9864-AE80C1785A3F}.Debug|x64.ActiveCfg = Debug|x86
		{B31C0650-991B-4B28-9864-AE80C1785A3F}.Debug|x86.ActiveCfg = Debug|x86
		{B31C0650-991B-4B28-9864-AE80C1785A3F}.Debug|x86.Build.0 = Debug|x86
		{B31C0650-991B-4B28-9864-AE80C1785A3F}.Mono|Any CPU.ActiveCfg = Release|x86
		{B31C0650-991B-4B28-9864-AE80C1785A3F}.Mono|Any CPU.Build.0 = Release|x86
		{B31C0650-991B-4B28-9864-AE80C1785A3F}.Mono|x64.ActiveCfg = Release|x86
		{B31C0650-991B-4B28-9864-AE80C1785A3F}.Mono|x64.Build.0 = Release|x86
		{B31C0650-991B-4B28-9864-AE80C1785A3F}.Mono|x86.ActiveCfg = Release|x86
		{B31C0650-991B-4B28-9864-AE80C1785A3F}.Mono|x86.Build.0 = Release|x86
		{B31C0650-991B-4B28-9864-AE80C1785A3F}.Release|Any CPU.ActiveCfg = Release|x86
		{B31C0650-991B-4B28-9864-AE80C1785A3F}.Release|x64.ActiveCfg = Release|x86
		{B31C0650-991B-4B28-9864-AE80C1785A3F}.Release|x86.ActiveCfg = Release|x86
		{B31C0650-991B-4B28-9864-AE80C1785A3F}.Release|x86.Build.0 = Release|x86
		{589FD176-8FFF-4E0B-8F94-1377F23AB5C0}.Debug|Any CPU.ActiveCfg = Debug|x86
		{589FD176-8FFF-4E0B-8F94-1377F23AB5C0}.Debug|x64.ActiveCfg = Debug|x86
		{589FD176-8FFF-4E0B-8F94-1377F23AB5C0}.Debug|x86.ActiveCfg = Debug|x86
		{589FD176-8FFF-4E0B-8F94-1377F23AB5C0}.Debug|x86.Build.0 = Debug|x86
		{589FD176-8FFF-4E0B-8F94-1377F23AB5C0}.Mono|Any CPU.ActiveCfg = Release|x86
		{589FD176-8FFF-4E0B-8F94-1377F23AB5C0}.Mono|Any CPU.Build.0 = Release|x86
		{589FD176-8FFF-4E0B-8F94-1377F23AB5C0}.Mono|x64.ActiveCfg = Release|x86
		{589FD176-8FFF-4E0B-8F94-1377F23AB5C0}.Mono|x64.Build.0 = Release|x86
		{589FD176-8FFF-4E0B-8F94-1377F23AB5C0}.Mono|x86.ActiveCfg = Release|x86
		{589FD176-8FFF-4E0B-8F94-1377F23AB5C0}.Mono|x86.Build.0 = Release|x86
		{589FD176-8FFF-4E0B-8F94-1377F23AB5C0}.Release|Any CPU.ActiveCfg = Release|x86
		{589FD176-8FFF-4E0B-8F94-1377F23AB5C0}.Release|x64.ActiveCfg = Release|x86
		{589FD176-8FFF-4E0B-8F94-1377F23AB5C0}.Release|x86.ActiveCfg = Release|x86
		{589FD176-8FFF-4E0B-8F94-1377F23AB5C0}.Release|x86.Build.0 = Release|x86
		{293611BC-8032-448D-A76A-DB063EC496C0}.Debug|Any CPU.ActiveCfg = Debug|Any CPU
		{293611BC-8032-448D-A76A-DB063EC496C0}.Debug|Any CPU.Build.0 = Debug|Any CPU
		{293611BC-8032-448D-A76A-DB063EC496C0}.Debug|x64.ActiveCfg = Debug|Any CPU
		{293611BC-8032-448D-A76A-DB063EC496C0}.Debug|x64.Build.0 = Debug|Any CPU
		{293611BC-8032-448D-A76A-DB063EC496C0}.Debug|x86.ActiveCfg = Debug|Any CPU
		{293611BC-8032-448D-A76A-DB063EC496C0}.Debug|x86.Build.0 = Debug|Any CPU
		{293611BC-8032-448D-A76A-DB063EC496C0}.Mono|Any CPU.ActiveCfg = Release|Any CPU
		{293611BC-8032-448D-A76A-DB063EC496C0}.Mono|Any CPU.Build.0 = Release|Any CPU
		{293611BC-8032-448D-A76A-DB063EC496C0}.Mono|x64.ActiveCfg = Release|Any CPU
		{293611BC-8032-448D-A76A-DB063EC496C0}.Mono|x64.Build.0 = Release|Any CPU
		{293611BC-8032-448D-A76A-DB063EC496C0}.Mono|x86.ActiveCfg = Release|Any CPU
		{293611BC-8032-448D-A76A-DB063EC496C0}.Mono|x86.Build.0 = Release|Any CPU
		{293611BC-8032-448D-A76A-DB063EC496C0}.Release|Any CPU.ActiveCfg = Release|Any CPU
		{293611BC-8032-448D-A76A-DB063EC496C0}.Release|Any CPU.Build.0 = Release|Any CPU
		{293611BC-8032-448D-A76A-DB063EC496C0}.Release|x64.ActiveCfg = Release|Any CPU
		{293611BC-8032-448D-A76A-DB063EC496C0}.Release|x64.Build.0 = Release|Any CPU
		{293611BC-8032-448D-A76A-DB063EC496C0}.Release|x86.ActiveCfg = Release|Any CPU
		{293611BC-8032-448D-A76A-DB063EC496C0}.Release|x86.Build.0 = Release|Any CPU
		{C0616E3B-32C2-45F9-B572-DE07BE5FA80C}.Debug|Any CPU.ActiveCfg = Debug|Any CPU
		{C0616E3B-32C2-45F9-B572-DE07BE5FA80C}.Debug|Any CPU.Build.0 = Debug|Any CPU
		{C0616E3B-32C2-45F9-B572-DE07BE5FA80C}.Debug|x64.ActiveCfg = Debug|Any CPU
		{C0616E3B-32C2-45F9-B572-DE07BE5FA80C}.Debug|x64.Build.0 = Debug|Any CPU
		{C0616E3B-32C2-45F9-B572-DE07BE5FA80C}.Debug|x86.ActiveCfg = Debug|Any CPU
		{C0616E3B-32C2-45F9-B572-DE07BE5FA80C}.Debug|x86.Build.0 = Debug|Any CPU
		{C0616E3B-32C2-45F9-B572-DE07BE5FA80C}.Mono|Any CPU.ActiveCfg = Release|Any CPU
		{C0616E3B-32C2-45F9-B572-DE07BE5FA80C}.Mono|Any CPU.Build.0 = Release|Any CPU
		{C0616E3B-32C2-45F9-B572-DE07BE5FA80C}.Mono|x64.ActiveCfg = Release|Any CPU
		{C0616E3B-32C2-45F9-B572-DE07BE5FA80C}.Mono|x64.Build.0 = Release|Any CPU
		{C0616E3B-32C2-45F9-B572-DE07BE5FA80C}.Mono|x86.ActiveCfg = Release|Any CPU
		{C0616E3B-32C2-45F9-B572-DE07BE5FA80C}.Mono|x86.Build.0 = Release|Any CPU
		{C0616E3B-32C2-45F9-B572-DE07BE5FA80C}.Release|Any CPU.ActiveCfg = Release|Any CPU
		{C0616E3B-32C2-45F9-B572-DE07BE5FA80C}.Release|Any CPU.Build.0 = Release|Any CPU
		{C0616E3B-32C2-45F9-B572-DE07BE5FA80C}.Release|x64.ActiveCfg = Release|Any CPU
		{C0616E3B-32C2-45F9-B572-DE07BE5FA80C}.Release|x64.Build.0 = Release|Any CPU
		{C0616E3B-32C2-45F9-B572-DE07BE5FA80C}.Release|x86.ActiveCfg = Release|Any CPU
		{C0616E3B-32C2-45F9-B572-DE07BE5FA80C}.Release|x86.Build.0 = Release|Any CPU
		{67DBC2BA-CD1B-44E2-94CD-B086B556BB45}.Debug|Any CPU.ActiveCfg = Debug|Any CPU
		{67DBC2BA-CD1B-44E2-94CD-B086B556BB45}.Debug|Any CPU.Build.0 = Debug|Any CPU
		{67DBC2BA-CD1B-44E2-94CD-B086B556BB45}.Debug|x64.ActiveCfg = Debug|Any CPU
		{67DBC2BA-CD1B-44E2-94CD-B086B556BB45}.Debug|x64.Build.0 = Debug|Any CPU
		{67DBC2BA-CD1B-44E2-94CD-B086B556BB45}.Debug|x86.ActiveCfg = Debug|Any CPU
		{67DBC2BA-CD1B-44E2-94CD-B086B556BB45}.Debug|x86.Build.0 = Debug|Any CPU
		{67DBC2BA-CD1B-44E2-94CD-B086B556BB45}.Mono|Any CPU.ActiveCfg = Release|Any CPU
		{67DBC2BA-CD1B-44E2-94CD-B086B556BB45}.Mono|Any CPU.Build.0 = Release|Any CPU
		{67DBC2BA-CD1B-44E2-94CD-B086B556BB45}.Mono|x64.ActiveCfg = Release|Any CPU
		{67DBC2BA-CD1B-44E2-94CD-B086B556BB45}.Mono|x64.Build.0 = Release|Any CPU
		{67DBC2BA-CD1B-44E2-94CD-B086B556BB45}.Mono|x86.ActiveCfg = Release|Any CPU
		{67DBC2BA-CD1B-44E2-94CD-B086B556BB45}.Mono|x86.Build.0 = Release|Any CPU
		{67DBC2BA-CD1B-44E2-94CD-B086B556BB45}.Release|Any CPU.ActiveCfg = Release|Any CPU
		{67DBC2BA-CD1B-44E2-94CD-B086B556BB45}.Release|Any CPU.Build.0 = Release|Any CPU
		{67DBC2BA-CD1B-44E2-94CD-B086B556BB45}.Release|x64.ActiveCfg = Release|Any CPU
		{67DBC2BA-CD1B-44E2-94CD-B086B556BB45}.Release|x64.Build.0 = Release|Any CPU
		{67DBC2BA-CD1B-44E2-94CD-B086B556BB45}.Release|x86.ActiveCfg = Release|Any CPU
		{67DBC2BA-CD1B-44E2-94CD-B086B556BB45}.Release|x86.Build.0 = Release|Any CPU
	EndGlobalSection
	GlobalSection(SolutionProperties) = preSolution
		HideSolutionNode = FALSE
	EndGlobalSection
	GlobalSection(NestedProjects) = preSolution
		{9800A224-0BF0-4D5D-A03C-AA7A4842D3B8} = {F697B4C2-4712-4596-814B-245E2500AE51}
		{B31C0650-991B-4B28-9864-AE80C1785A3F} = {F697B4C2-4712-4596-814B-245E2500AE51}
		{589FD176-8FFF-4E0B-8F94-1377F23AB5C0} = {F697B4C2-4712-4596-814B-245E2500AE51}
		{293611BC-8032-448D-A76A-DB063EC496C0} = {F697B4C2-4712-4596-814B-245E2500AE51}
		{C0616E3B-32C2-45F9-B572-DE07BE5FA80C} = {F697B4C2-4712-4596-814B-245E2500AE51}
		{67DBC2BA-CD1B-44E2-94CD-B086B556BB45} = {F697B4C2-4712-4596-814B-245E2500AE51}
	EndGlobalSection
	GlobalSection(ExtensibilityGlobals) = postSolution
		SolutionGuid = {A8F350E8-CEB2-4B86-AC55-6367B244864F}
	EndGlobalSection
	GlobalSection(TestCaseManagementSettings) = postSolution
		CategoryFile = Accord.NET.vsmdi
	EndGlobalSection
EndGlobal
